<?xml version="1.0" encoding="utf-8"?>
<Project ToolsVersion="4.0" xmlns="http://schemas.microsoft.com/developer/msbuild/2003">
  <ItemGroup>
    <Filter Include="소스 파일">
      <UniqueIdentifier>{4FC737F1-C7A5-4376-A066-2A32D752A2FF}</UniqueIdentifier>
      <Extensions>cpp;c;cc;cxx;def;odl;idl;hpj;bat;asm;asmx</Extensions>
    </Filter>
    <Filter Include="헤더 파일">
      <UniqueIdentifier>{93995380-89BD-4b04-88EB-625FBE52EBFB}</UniqueIdentifier>
      <Extensions>h;hh;hpp;hxx;hm;inl;inc;ipp;xsd</Extensions>
    </Filter>
    <Filter Include="리소스 파일">
      <UniqueIdentifier>{67DA6AB6-F800-4c08-8B7A-83BB121AAD01}</UniqueIdentifier>
      <Extensions>rc;ico;cur;bmp;dlg;rc2;rct;bin;rgs;gif;jpg;jpeg;jpe;resx;tiff;tif;png;wav;mfcribbon-ms</Extensions>
    </Filter>
    <Filter Include="MogiEngineII">
      <UniqueIdentifier>{43cce77c-3ac1-4390-85be-956e2fa01745}</UniqueIdentifier>
    </Filter>
    <Filter Include="MogiEngineII\2_Util">
      <UniqueIdentifier>{04db1aec-b8c8-486d-8242-920acc834479}</UniqueIdentifier>
    </Filter>
    <Filter Include="MogiEngineII\2_Util\String">
      <UniqueIdentifier>{0a092bae-1cc2-4952-99e6-59a8aa11236d}</UniqueIdentifier>
    </Filter>
    <Filter Include="MogiEngineII\1_Exception">
      <UniqueIdentifier>{f1c77840-241b-42c2-9321-53dd19b805a5}</UniqueIdentifier>
    </Filter>
    <Filter Include="MogiEngineII\1_Exception\StackWalker">
      <UniqueIdentifier>{b1238afc-ba70-4377-8ef0-e75eba580fbd}</UniqueIdentifier>
    </Filter>
    <Filter Include="MogiEngineII\0_Header">
      <UniqueIdentifier>{722502fc-498b-4c60-821d-5cb71174b43a}</UniqueIdentifier>
    </Filter>
    <Filter Include="MogiEngineII\1_Exception\MiniDump">
      <UniqueIdentifier>{4fd31bbb-6f21-4054-866d-5b0d1dbadadf}</UniqueIdentifier>
    </Filter>
    <Filter Include="MogiEngineII\1_Exception\Exception">
      <UniqueIdentifier>{c3f10326-2b4f-4e5d-8230-9852565b8579}</UniqueIdentifier>
    </Filter>
  </ItemGroup>
  <ItemGroup>
    <ClInclude Include="framework.h">
      <Filter>헤더 파일</Filter>
    </ClInclude>
    <ClInclude Include="pch.h">
      <Filter>헤더 파일</Filter>
    </ClInclude>
    <ClInclude Include="2_Util\String.h">
      <Filter>MogiEngineII\2_Util\String</Filter>
    </ClInclude>
    <ClInclude Include="MogiUtil.h">
      <Filter>MogiEngineII\2_Util</Filter>
    </ClInclude>
    <ClInclude Include="MogiEngineII.h">
      <Filter>MogiEngineII</Filter>
    </ClInclude>
    <ClInclude Include="MogiException.h">
      <Filter>MogiEngineII\1_Exception</Filter>
    </ClInclude>
    <ClInclude Include="1_Exception\StackWalker.h">
      <Filter>MogiEngineII\1_Exception\StackWalker</Filter>
    </ClInclude>
    <ClInclude Include="CommonHeader.h">
      <Filter>MogiEngineII\0_Header</Filter>
    </ClInclude>
    <ClInclude Include="1_Exception\MiniDump.h">
      <Filter>MogiEngineII\1_Exception\MiniDump</Filter>
    </ClInclude>
    <ClInclude Include="1_Exception\Exception.h">
      <Filter>MogiEngineII\1_Exception\Exception</Filter>
    </ClInclude>
    <ClInclude Include="1_Exception\ExceptionCode.h">
      <Filter>MogiEngineII\1_Exception\Exception</Filter>
    </ClInclude>
  </ItemGroup>
  <ItemGroup>
    <ClCompile Include="MogiEngineII.cpp">
      <Filter>소스 파일</Filter>
    </ClCompile>
    <ClCompile Include="pch.cpp">
      <Filter>소스 파일</Filter>
    </ClCompile>
    <ClCompile Include="2_Util\String.cpp">
      <Filter>MogiEngineII\2_Util\String</Filter>
    </ClCompile>
    <ClCompile Include="1_Exception\StackWalker.cpp">
      <Filter>MogiEngineII\1_Exception\StackWalker</Filter>
    </ClCompile>
    <ClCompile Include="1_Exception\MiniDump.cpp">
      <Filter>MogiEngineII\1_Exception\MiniDump</Filter>
    </ClCompile>
    <ClCompile Include="1_Exception\Exception.cpp">
      <Filter>MogiEngineII\1_Exception\Exception</Filter>
    </ClCompile>
  </ItemGroup>
  <ItemGroup>
    <Text Include="1_Exception\ExceptionText.txt">
      <Filter>MogiEngineII\1_Exception\Exception</Filter>
    </Text>
  </ItemGroup>
</Project>